
Microsoft Visual Studio Solution File, Format Version 12.00
# Visual Studio Version 17
VisualStudioVersion = 17.0.32112.339
MinimumVisualStudioVersion = 15.0.26124.0
Project("{9A19103F-16F7-4668-BE54-9A1E7A4F7556}") = "LivingMessiah.Web", "LivingMessiah.Web\LivingMessiah.Web.csproj", "{AE2853BF-3352-464A-BA76-01B5ACC01A87}"
EndProject
Project("{2150E333-8FDC-42A3-9474-1A3956D46DE8}") = "Solution Items", "Solution Items", "{9065E35C-6CC9-4D6E-9F90-41DB31C6A192}"
EndProject
Global
	GlobalSection(SolutionConfigurationPlatforms) = preSolution
		Debug|Any CPU = Debug|Any CPU
		Debug|x64 = Debug|x64
		Debug|x86 = Debug|x86
		Release|Any CPU = Release|Any CPU
		Release|x64 = Release|x64
		Release|x86 = Release|x86
	EndGlobalSection
	GlobalSection(ProjectConfigurationPlatforms) = postSolution
		{AE2853BF-3352-464A-BA76-01B5ACC01A87}.Debug|Any CPU.ActiveCfg = Debug|Any CPU
		{AE2853BF-3352-464A-BA76-01B5ACC01A87}.Debug|Any CPU.Build.0 = Debug|Any CPU
		{AE2853BF-3352-464A-BA76-01B5ACC01A87}.Debug|x64.ActiveCfg = Debug|Any CPU
		{AE2853BF-3352-464A-BA76-01B5ACC01A87}.Debug|x64.Build.0 = Debug|Any CPU
		{AE2853BF-3352-464A-BA76-01B5ACC01A87}.Debug|x86.ActiveCfg = Debug|Any CPU
		{AE2853BF-3352-464A-BA76-01B5ACC01A87}.Debug|x86.Build.0 = Debug|Any CPU
		{AE2853BF-3352-464A-BA76-01B5ACC01A87}.Release|Any CPU.ActiveCfg = Release|Any CPU
		{AE2853BF-3352-464A-BA76-01B5ACC01A87}.Release|Any CPU.Build.0 = Release|Any CPU
		{AE2853BF-3352-464A-BA76-01B5ACC01A87}.Release|x64.ActiveCfg = Release|Any CPU
		{AE2853BF-3352-464A-BA76-01B5ACC01A87}.Release|x64.Build.0 = Release|Any CPU
		{AE2853BF-3352-464A-BA76-01B5ACC01A87}.Release|x86.ActiveCfg = Release|Any CPU
		{AE2853BF-3352-464A-BA76-01B5ACC01A87}.Release|x86.Build.0 = Release|Any CPU
	EndGlobalSection
	GlobalSection(SolutionProperties) = preSolution
		HideSolutionNode = FALSE
	EndGlobalSection
	GlobalSection(ExtensibilityGlobals) = postSolution
		SolutionGuid = {EEEDC159-FCBF-461E-B319-5F29FACFC02E}
	EndGlobalSection
EndGlobal
