
Microsoft Visual Studio Solution File, Format Version 12.00
# Visual Studio Version 16
VisualStudioVersion = 16.0.30717.126
MinimumVisualStudioVersion = 15.0.26124.0
Project("{9A19103F-16F7-4668-BE54-9A1E7A4F7556}") = "LivingMessiah.Web", "LivingMessiah.Web\LivingMessiah.Web.csproj", "{AE2853BF-3352-464A-BA76-01B5ACC01A87}"
EndProject
Project("{9A19103F-16F7-4668-BE54-9A1E7A4F7556}") = "LivingMessiah.Data", "LivingMessiah.Data\LivingMessiah.Data.csproj", "{50EA5FAB-559F-47CB-935E-80412002133F}"
EndProject
Project("{9A19103F-16F7-4668-BE54-9A1E7A4F7556}") = "LivingMessiah.Domain", "LivingMessiah.Domain\LivingMessiah.Domain.csproj", "{D960ADD3-313F-413B-954F-1E8F32A448B2}"
EndProject
Project("{9A19103F-16F7-4668-BE54-9A1E7A4F7556}") = "LivingMessiah.RazorClassLibrary", "LivingMessiah.RazorClassLibrary\LivingMessiah.RazorClassLibrary.csproj", "{B410F6BA-1C15-4014-9B91-2976A5366193}"
EndProject
Project("{9A19103F-16F7-4668-BE54-9A1E7A4F7556}") = "SukkotApi.Data", "SukkotApi.Data\SukkotApi.Data.csproj", "{1BE62EC5-2477-4595-9EAD-52342CBC524A}"
EndProject
Project("{9A19103F-16F7-4668-BE54-9A1E7A4F7556}") = "SukkotApi.Domain", "SukkotApi.Domain\SukkotApi.Domain.csproj", "{C6CCA5B5-0108-48AA-BDC1-510CC74E7B59}"
EndProject
Global
	GlobalSection(SolutionConfigurationPlatforms) = preSolution
		Debug|Any CPU = Debug|Any CPU
		Debug|x64 = Debug|x64
		Debug|x86 = Debug|x86
		Release|Any CPU = Release|Any CPU
		Release|x64 = Release|x64
		Release|x86 = Release|x86
	EndGlobalSection
	GlobalSection(ProjectConfigurationPlatforms) = postSolution
		{AE2853BF-3352-464A-BA76-01B5ACC01A87}.Debug|Any CPU.ActiveCfg = Debug|Any CPU
		{AE2853BF-3352-464A-BA76-01B5ACC01A87}.Debug|Any CPU.Build.0 = Debug|Any CPU
		{AE2853BF-3352-464A-BA76-01B5ACC01A87}.Debug|x64.ActiveCfg = Debug|Any CPU
		{AE2853BF-3352-464A-BA76-01B5ACC01A87}.Debug|x64.Build.0 = Debug|Any CPU
		{AE2853BF-3352-464A-BA76-01B5ACC01A87}.Debug|x86.ActiveCfg = Debug|Any CPU
		{AE2853BF-3352-464A-BA76-01B5ACC01A87}.Debug|x86.Build.0 = Debug|Any CPU
		{AE2853BF-3352-464A-BA76-01B5ACC01A87}.Release|Any CPU.ActiveCfg = Release|Any CPU
		{AE2853BF-3352-464A-BA76-01B5ACC01A87}.Release|Any CPU.Build.0 = Release|Any CPU
		{AE2853BF-3352-464A-BA76-01B5ACC01A87}.Release|x64.ActiveCfg = Release|Any CPU
		{AE2853BF-3352-464A-BA76-01B5ACC01A87}.Release|x64.Build.0 = Release|Any CPU
		{AE2853BF-3352-464A-BA76-01B5ACC01A87}.Release|x86.ActiveCfg = Release|Any CPU
		{AE2853BF-3352-464A-BA76-01B5ACC01A87}.Release|x86.Build.0 = Release|Any CPU
		{50EA5FAB-559F-47CB-935E-80412002133F}.Debug|Any CPU.ActiveCfg = Debug|Any CPU
		{50EA5FAB-559F-47CB-935E-80412002133F}.Debug|Any CPU.Build.0 = Debug|Any CPU
		{50EA5FAB-559F-47CB-935E-80412002133F}.Debug|x64.ActiveCfg = Debug|Any CPU
		{50EA5FAB-559F-47CB-935E-80412002133F}.Debug|x64.Build.0 = Debug|Any CPU
		{50EA5FAB-559F-47CB-935E-80412002133F}.Debug|x86.ActiveCfg = Debug|Any CPU
		{50EA5FAB-559F-47CB-935E-80412002133F}.Debug|x86.Build.0 = Debug|Any CPU
		{50EA5FAB-559F-47CB-935E-80412002133F}.Release|Any CPU.ActiveCfg = Release|Any CPU
		{50EA5FAB-559F-47CB-935E-80412002133F}.Release|Any CPU.Build.0 = Release|Any CPU
		{50EA5FAB-559F-47CB-935E-80412002133F}.Release|x64.ActiveCfg = Release|Any CPU
		{50EA5FAB-559F-47CB-935E-80412002133F}.Release|x64.Build.0 = Release|Any CPU
		{50EA5FAB-559F-47CB-935E-80412002133F}.Release|x86.ActiveCfg = Release|Any CPU
		{50EA5FAB-559F-47CB-935E-80412002133F}.Release|x86.Build.0 = Release|Any CPU
		{D960ADD3-313F-413B-954F-1E8F32A448B2}.Debug|Any CPU.ActiveCfg = Debug|Any CPU
		{D960ADD3-313F-413B-954F-1E8F32A448B2}.Debug|Any CPU.Build.0 = Debug|Any CPU
		{D960ADD3-313F-413B-954F-1E8F32A448B2}.Debug|x64.ActiveCfg = Debug|Any CPU
		{D960ADD3-313F-413B-954F-1E8F32A448B2}.Debug|x64.Build.0 = Debug|Any CPU
		{D960ADD3-313F-413B-954F-1E8F32A448B2}.Debug|x86.ActiveCfg = Debug|Any CPU
		{D960ADD3-313F-413B-954F-1E8F32A448B2}.Debug|x86.Build.0 = Debug|Any CPU
		{D960ADD3-313F-413B-954F-1E8F32A448B2}.Release|Any CPU.ActiveCfg = Release|Any CPU
		{D960ADD3-313F-413B-954F-1E8F32A448B2}.Release|Any CPU.Build.0 = Release|Any CPU
		{D960ADD3-313F-413B-954F-1E8F32A448B2}.Release|x64.ActiveCfg = Release|Any CPU
		{D960ADD3-313F-413B-954F-1E8F32A448B2}.Release|x64.Build.0 = Release|Any CPU
		{D960ADD3-313F-413B-954F-1E8F32A448B2}.Release|x86.ActiveCfg = Release|Any CPU
		{D960ADD3-313F-413B-954F-1E8F32A448B2}.Release|x86.Build.0 = Release|Any CPU
		{B410F6BA-1C15-4014-9B91-2976A5366193}.Debug|Any CPU.ActiveCfg = Debug|Any CPU
		{B410F6BA-1C15-4014-9B91-2976A5366193}.Debug|Any CPU.Build.0 = Debug|Any CPU
		{B410F6BA-1C15-4014-9B91-2976A5366193}.Debug|x64.ActiveCfg = Debug|Any CPU
		{B410F6BA-1C15-4014-9B91-2976A5366193}.Debug|x64.Build.0 = Debug|Any CPU
		{B410F6BA-1C15-4014-9B91-2976A5366193}.Debug|x86.ActiveCfg = Debug|Any CPU
		{B410F6BA-1C15-4014-9B91-2976A5366193}.Debug|x86.Build.0 = Debug|Any CPU
		{B410F6BA-1C15-4014-9B91-2976A5366193}.Release|Any CPU.ActiveCfg = Release|Any CPU
		{B410F6BA-1C15-4014-9B91-2976A5366193}.Release|Any CPU.Build.0 = Release|Any CPU
		{B410F6BA-1C15-4014-9B91-2976A5366193}.Release|x64.ActiveCfg = Release|Any CPU
		{B410F6BA-1C15-4014-9B91-2976A5366193}.Release|x64.Build.0 = Release|Any CPU
		{B410F6BA-1C15-4014-9B91-2976A5366193}.Release|x86.ActiveCfg = Release|Any CPU
		{B410F6BA-1C15-4014-9B91-2976A5366193}.Release|x86.Build.0 = Release|Any CPU
		{1BE62EC5-2477-4595-9EAD-52342CBC524A}.Debug|Any CPU.ActiveCfg = Debug|Any CPU
		{1BE62EC5-2477-4595-9EAD-52342CBC524A}.Debug|Any CPU.Build.0 = Debug|Any CPU
		{1BE62EC5-2477-4595-9EAD-52342CBC524A}.Debug|x64.ActiveCfg = Debug|Any CPU
		{1BE62EC5-2477-4595-9EAD-52342CBC524A}.Debug|x64.Build.0 = Debug|Any CPU
		{1BE62EC5-2477-4595-9EAD-52342CBC524A}.Debug|x86.ActiveCfg = Debug|Any CPU
		{1BE62EC5-2477-4595-9EAD-52342CBC524A}.Debug|x86.Build.0 = Debug|Any CPU
		{1BE62EC5-2477-4595-9EAD-52342CBC524A}.Release|Any CPU.ActiveCfg = Release|Any CPU
		{1BE62EC5-2477-4595-9EAD-52342CBC524A}.Release|Any CPU.Build.0 = Release|Any CPU
		{1BE62EC5-2477-4595-9EAD-52342CBC524A}.Release|x64.ActiveCfg = Release|Any CPU
		{1BE62EC5-2477-4595-9EAD-52342CBC524A}.Release|x64.Build.0 = Release|Any CPU
		{1BE62EC5-2477-4595-9EAD-52342CBC524A}.Release|x86.ActiveCfg = Release|Any CPU
		{1BE62EC5-2477-4595-9EAD-52342CBC524A}.Release|x86.Build.0 = Release|Any CPU
		{C6CCA5B5-0108-48AA-BDC1-510CC74E7B59}.Debug|Any CPU.ActiveCfg = Debug|Any CPU
		{C6CCA5B5-0108-48AA-BDC1-510CC74E7B59}.Debug|Any CPU.Build.0 = Debug|Any CPU
		{C6CCA5B5-0108-48AA-BDC1-510CC74E7B59}.Debug|x64.ActiveCfg = Debug|Any CPU
		{C6CCA5B5-0108-48AA-BDC1-510CC74E7B59}.Debug|x64.Build.0 = Debug|Any CPU
		{C6CCA5B5-0108-48AA-BDC1-510CC74E7B59}.Debug|x86.ActiveCfg = Debug|Any CPU
		{C6CCA5B5-0108-48AA-BDC1-510CC74E7B59}.Debug|x86.Build.0 = Debug|Any CPU
		{C6CCA5B5-0108-48AA-BDC1-510CC74E7B59}.Release|Any CPU.ActiveCfg = Release|Any CPU
		{C6CCA5B5-0108-48AA-BDC1-510CC74E7B59}.Release|Any CPU.Build.0 = Release|Any CPU
		{C6CCA5B5-0108-48AA-BDC1-510CC74E7B59}.Release|x64.ActiveCfg = Release|Any CPU
		{C6CCA5B5-0108-48AA-BDC1-510CC74E7B59}.Release|x64.Build.0 = Release|Any CPU
		{C6CCA5B5-0108-48AA-BDC1-510CC74E7B59}.Release|x86.ActiveCfg = Release|Any CPU
		{C6CCA5B5-0108-48AA-BDC1-510CC74E7B59}.Release|x86.Build.0 = Release|Any CPU
	EndGlobalSection
	GlobalSection(SolutionProperties) = preSolution
		HideSolutionNode = FALSE
	EndGlobalSection
	GlobalSection(ExtensibilityGlobals) = postSolution
		SolutionGuid = {EEEDC159-FCBF-461E-B319-5F29FACFC02E}
	EndGlobalSection
EndGlobal
